
Microsoft Visual Studio Solution File, Format Version 12.00
# Visual Studio Version 16
VisualStudioVersion = 16.0.31005.135
MinimumVisualStudioVersion = 10.0.40219.1
Project("{8BC9CEB8-8B4A-11D0-8D11-00A0C91BC942}") = "3-1", "3-1.vcxproj", "{7707C8A8-11D6-4C5C-BB53-6F1E250DA02A}"
EndProject
Global
	GlobalSection(SolutionConfigurationPlatforms) = preSolution
		Debug|x64 = Debug|x64
		Debug|x86 = Debug|x86
		Release|x64 = Release|x64
		Release|x86 = Release|x86
	EndGlobalSection
	GlobalSection(ProjectConfigurationPlatforms) = postSolution
		{7707C8A8-11D6-4C5C-BB53-6F1E250DA02A}.Debug|x64.ActiveCfg = Debug|x64
		{7707C8A8-11D6-4C5C-BB53-6F1E250DA02A}.Debug|x64.Build.0 = Debug|x64
		{7707C8A8-11D6-4C5C-BB53-6F1E250DA02A}.Debug|x86.ActiveCfg = Debug|Win32
		{7707C8A8-11D6-4C5C-BB53-6F1E250DA02A}.Debug|x86.Build.0 = Debug|Win32
		{7707C8A8-11D6-4C5C-BB53-6F1E250DA02A}.Release|x64.ActiveCfg = Release|x64
		{7707C8A8-11D6-4C5C-BB53-6F1E250DA02A}.Release|x64.Build.0 = Release|x64
		{7707C8A8-11D6-4C5C-BB53-6F1E250DA02A}.Release|x86.ActiveCfg = Release|Win32
		{7707C8A8-11D6-4C5C-BB53-6F1E250DA02A}.Release|x86.Build.0 = Release|Win32
	EndGlobalSection
	GlobalSection(SolutionProperties) = preSolution
		HideSolutionNode = FALSE
	EndGlobalSection
	GlobalSection(ExtensibilityGlobals) = postSolution
		SolutionGuid = {14855754-5405-4185-8191-7BD3BFE0CBD7}
	EndGlobalSection
EndGlobal
